
Microsoft Visual Studio Solution File, Format Version 12.00
# Visual Studio Version 17
VisualStudioVersion = 17.11.35327.3
MinimumVisualStudioVersion = 10.0.40219.1
Project("{FAE04EC0-301F-11D3-BF4B-00C04F79EFBC}") = "Sistema-de-Vehiculos", "Sistema-de-Vehiculos.csproj", "{7B8FAF10-F1CB-42B3-BF1A-1C4D62088889}"
EndProject
Global
	GlobalSection(SolutionConfigurationPlatforms) = preSolution
		Debug|Any CPU = Debug|Any CPU
		Release|Any CPU = Release|Any CPU
	EndGlobalSection
	GlobalSection(ProjectConfigurationPlatforms) = postSolution
		{7B8FAF10-F1CB-42B3-BF1A-1C4D62088889}.Debug|Any CPU.ActiveCfg = Debug|Any CPU
		{7B8FAF10-F1CB-42B3-BF1A-1C4D62088889}.Debug|Any CPU.Build.0 = Debug|Any CPU
		{7B8FAF10-F1CB-42B3-BF1A-1C4D62088889}.Release|Any CPU.ActiveCfg = Release|Any CPU
		{7B8FAF10-F1CB-42B3-BF1A-1C4D62088889}.Release|Any CPU.Build.0 = Release|Any CPU
	EndGlobalSection
	GlobalSection(SolutionProperties) = preSolution
		HideSolutionNode = FALSE
	EndGlobalSection
	GlobalSection(ExtensibilityGlobals) = postSolution
		SolutionGuid = {49EDD708-4DFD-4C40-A5C4-5E6E67236AD8}
	EndGlobalSection
EndGlobal
